// !$*UTF8*$!
{
	archiveVersion = 1;
	classes = {
	};
	objectVersion = 50;
	objects = {

/* Begin PBXBuildFile section */
		7F121812275D2347004BC818 /* GeometryPreferenceKeyBootcamp.swift in Sources */ = {isa = PBXBuildFile; fileRef = 7F121811275D2347004BC818 /* GeometryPreferenceKeyBootcamp.swift */; };
		7F121820275D397E004BC818 /* ScrollViewOffsetPreferenceKeyBootcamp.swift in Sources */ = {isa = PBXBuildFile; fileRef = 7F12181F275D397E004BC818 /* ScrollViewOffsetPreferenceKeyBootcamp.swift */; };
		7F121824275D3AC9004BC818 /* AppTabBarView.swift in Sources */ = {isa = PBXBuildFile; fileRef = 7F121823275D3AC9004BC818 /* AppTabBarView.swift */; };
		7F121829275D41C2004BC818 /* CustomTabBarView.swift in Sources */ = {isa = PBXBuildFile; fileRef = 7F121828275D41C2004BC818 /* CustomTabBarView.swift */; };
		7F18578F2767001600193D39 /* UnitTestingBootcampView.swift in Sources */ = {isa = PBXBuildFile; fileRef = 7F18578E2767001600193D39 /* UnitTestingBootcampView.swift */; };
		7F185792276702DC00193D39 /* UnitTestingBootcampViewModel.swift in Sources */ = {isa = PBXBuildFile; fileRef = 7F185791276702DC00193D39 /* UnitTestingBootcampViewModel.swift */; };
		7F18579B2767043400193D39 /* SwiftUI_Evolve_3_Tests.swift in Sources */ = {isa = PBXBuildFile; fileRef = 7F18579A2767043400193D39 /* SwiftUI_Evolve_3_Tests.swift */; };
		7F1857A52767064100193D39 /* UnitTestingBootcampViewModel_Tests.swift in Sources */ = {isa = PBXBuildFile; fileRef = 7F1857A42767064100193D39 /* UnitTestingBootcampViewModel_Tests.swift */; };
		7F22D60D27668A72004C2932 /* DependencyInjectionBootcamp.swift in Sources */ = {isa = PBXBuildFile; fileRef = 7F22D60C27668A72004C2932 /* DependencyInjectionBootcamp.swift */; };
		7F4BF41927653C2B001BE367 /* ProtocolsBootcamp.swift in Sources */ = {isa = PBXBuildFile; fileRef = 7F4BF41827653C2B001BE367 /* ProtocolsBootcamp.swift */; };
		7F5D240D279861BC008E63CE /* UITestingBootcamp.swift in Sources */ = {isa = PBXBuildFile; fileRef = 7F5D240C279861BC008E63CE /* UITestingBootcamp.swift */; };
		7F5D2411279861E2008E63CE /* AdvancedCombineBootcamp.swift in Sources */ = {isa = PBXBuildFile; fileRef = 7F5D2410279861E2008E63CE /* AdvancedCombineBootcamp.swift */; };
		7F62FB032768DC6700069D0D /* NewMockDataService.swift in Sources */ = {isa = PBXBuildFile; fileRef = 7F62FB022768DC6700069D0D /* NewMockDataService.swift */; };
		7F62FB072768DDC200069D0D /* NewMockDataService_Tests.swift in Sources */ = {isa = PBXBuildFile; fileRef = 7F62FB062768DDC200069D0D /* NewMockDataService_Tests.swift */; };
		7F7A6360275DBE2500E88347 /* CustomTabBarContainerView.swift in Sources */ = {isa = PBXBuildFile; fileRef = 7F7A635F275DBE2500E88347 /* CustomTabBarContainerView.swift */; };
		7F7A6364275DC55B00E88347 /* TabBarItemsPreferenceKey.swift in Sources */ = {isa = PBXBuildFile; fileRef = 7F7A6363275DC55B00E88347 /* TabBarItemsPreferenceKey.swift */; };
		7F7C8E9F27651D1D0077F527 /* UIViewRepresentableBootcamp.swift in Sources */ = {isa = PBXBuildFile; fileRef = 7F7C8E9E27651D1D0077F527 /* UIViewRepresentableBootcamp.swift */; };
		7F7C8EA827652FD60077F527 /* UIViewControllerRepresentableBootcamp.swift in Sources */ = {isa = PBXBuildFile; fileRef = 7F7C8EA727652FD60077F527 /* UIViewControllerRepresentableBootcamp.swift */; };
		7F9CCF2B275B2B9C007A3B26 /* SwiftUI_Evolve_3App.swift in Sources */ = {isa = PBXBuildFile; fileRef = 7F9CCF2A275B2B9C007A3B26 /* SwiftUI_Evolve_3App.swift */; };
		7F9CCF2F275B2B9E007A3B26 /* Assets.xcassets in Resources */ = {isa = PBXBuildFile; fileRef = 7F9CCF2E275B2B9E007A3B26 /* Assets.xcassets */; };
		7F9CCF32275B2B9E007A3B26 /* Preview Assets.xcassets in Resources */ = {isa = PBXBuildFile; fileRef = 7F9CCF31275B2B9E007A3B26 /* Preview Assets.xcassets */; };
		7F9CCF3B275B2BAF007A3B26 /* ViewModifierBootcamp.swift in Sources */ = {isa = PBXBuildFile; fileRef = 7F9CCF3A275B2BAF007A3B26 /* ViewModifierBootcamp.swift */; };
		7F9CCF3F275B458D007A3B26 /* ButtonStyleBootcamp.swift in Sources */ = {isa = PBXBuildFile; fileRef = 7F9CCF3E275B458D007A3B26 /* ButtonStyleBootcamp.swift */; };
		7F9CCF42275B5B5D007A3B26 /* AnyTransitionBootcamp.swift in Sources */ = {isa = PBXBuildFile; fileRef = 7F9CCF41275B5B5D007A3B26 /* AnyTransitionBootcamp.swift */; };
		7F9CCF45275B8630007A3B26 /* MatchedGeometryEffect.swift in Sources */ = {isa = PBXBuildFile; fileRef = 7F9CCF44275B8630007A3B26 /* MatchedGeometryEffect.swift */; };
		7F9CCF48275BB7D3007A3B26 /* CustomShapesBootcamp.swift in Sources */ = {isa = PBXBuildFile; fileRef = 7F9CCF47275BB7D3007A3B26 /* CustomShapesBootcamp.swift */; };
		7F9CCF4B275BC658007A3B26 /* CustomCurvesBootcamp.swift in Sources */ = {isa = PBXBuildFile; fileRef = 7F9CCF4A275BC658007A3B26 /* CustomCurvesBootcamp.swift */; };
		7F9CCF4E275CA827007A3B26 /* AnimatableDataBootcamp.swift in Sources */ = {isa = PBXBuildFile; fileRef = 7F9CCF4D275CA827007A3B26 /* AnimatableDataBootcamp.swift */; };
		7F9CCF51275CB519007A3B26 /* GenericsBootcamp.swift in Sources */ = {isa = PBXBuildFile; fileRef = 7F9CCF50275CB519007A3B26 /* GenericsBootcamp.swift */; };
		7F9CCF55275CDDC0007A3B26 /* ViewBuilderBootcamp.swift in Sources */ = {isa = PBXBuildFile; fileRef = 7F9CCF54275CDDC0007A3B26 /* ViewBuilderBootcamp.swift */; };
		7F9CCF58275CEB3F007A3B26 /* PreferenceKeyBootcamp.swift in Sources */ = {isa = PBXBuildFile; fileRef = 7F9CCF57275CEB3F007A3B26 /* PreferenceKeyBootcamp.swift */; };
/* End PBXBuildFile section */

/* Begin PBXContainerItemProxy section */
		7F18579D2767043400193D39 /* PBXContainerItemProxy */ = {
			isa = PBXContainerItemProxy;
			containerPortal = 7F9CCF1F275B2B9C007A3B26 /* Project object */;
			proxyType = 1;
			remoteGlobalIDString = 7F9CCF26275B2B9C007A3B26;
			remoteInfo = SwiftUI_Evolve_3;
		};
/* End PBXContainerItemProxy section */

/* Begin PBXFileReference section */
		7F121811275D2347004BC818 /* GeometryPreferenceKeyBootcamp.swift */ = {isa = PBXFileReference; lastKnownFileType = sourcecode.swift; path = GeometryPreferenceKeyBootcamp.swift; sourceTree = "<group>"; };
		7F12181F275D397E004BC818 /* ScrollViewOffsetPreferenceKeyBootcamp.swift */ = {isa = PBXFileReference; fileEncoding = 4; lastKnownFileType = sourcecode.swift; path = ScrollViewOffsetPreferenceKeyBootcamp.swift; sourceTree = "<group>"; };
		7F121823275D3AC9004BC818 /* AppTabBarView.swift */ = {isa = PBXFileReference; lastKnownFileType = sourcecode.swift; path = AppTabBarView.swift; sourceTree = "<group>"; };
		7F121828275D41C2004BC818 /* CustomTabBarView.swift */ = {isa = PBXFileReference; lastKnownFileType = sourcecode.swift; path = CustomTabBarView.swift; sourceTree = "<group>"; };
		7F18578E2767001600193D39 /* UnitTestingBootcampView.swift */ = {isa = PBXFileReference; lastKnownFileType = sourcecode.swift; path = UnitTestingBootcampView.swift; sourceTree = "<group>"; };
		7F185791276702DC00193D39 /* UnitTestingBootcampViewModel.swift */ = {isa = PBXFileReference; lastKnownFileType = sourcecode.swift; path = UnitTestingBootcampViewModel.swift; sourceTree = "<group>"; };
		7F1857982767043400193D39 /* SwiftUI_Evolve_3_Tests.xctest */ = {isa = PBXFileReference; explicitFileType = wrapper.cfbundle; includeInIndex = 0; path = SwiftUI_Evolve_3_Tests.xctest; sourceTree = BUILT_PRODUCTS_DIR; };
		7F18579A2767043400193D39 /* SwiftUI_Evolve_3_Tests.swift */ = {isa = PBXFileReference; lastKnownFileType = sourcecode.swift; path = SwiftUI_Evolve_3_Tests.swift; sourceTree = "<group>"; };
		7F18579C2767043400193D39 /* Info.plist */ = {isa = PBXFileReference; lastKnownFileType = text.plist.xml; path = Info.plist; sourceTree = "<group>"; };
		7F1857A42767064100193D39 /* UnitTestingBootcampViewModel_Tests.swift */ = {isa = PBXFileReference; lastKnownFileType = sourcecode.swift; path = UnitTestingBootcampViewModel_Tests.swift; sourceTree = "<group>"; };
		7F22D60C27668A72004C2932 /* DependencyInjectionBootcamp.swift */ = {isa = PBXFileReference; lastKnownFileType = sourcecode.swift; path = DependencyInjectionBootcamp.swift; sourceTree = "<group>"; };
		7F4BF41827653C2B001BE367 /* ProtocolsBootcamp.swift */ = {isa = PBXFileReference; lastKnownFileType = sourcecode.swift; path = ProtocolsBootcamp.swift; sourceTree = "<group>"; };
		7F5D240C279861BC008E63CE /* UITestingBootcamp.swift */ = {isa = PBXFileReference; lastKnownFileType = sourcecode.swift; path = UITestingBootcamp.swift; sourceTree = "<group>"; };
		7F5D2410279861E2008E63CE /* AdvancedCombineBootcamp.swift */ = {isa = PBXFileReference; lastKnownFileType = sourcecode.swift; path = AdvancedCombineBootcamp.swift; sourceTree = "<group>"; };
		7F62FB022768DC6700069D0D /* NewMockDataService.swift */ = {isa = PBXFileReference; lastKnownFileType = sourcecode.swift; path = NewMockDataService.swift; sourceTree = "<group>"; };
		7F62FB062768DDC200069D0D /* NewMockDataService_Tests.swift */ = {isa = PBXFileReference; lastKnownFileType = sourcecode.swift; path = NewMockDataService_Tests.swift; sourceTree = "<group>"; };
		7F7A635F275DBE2500E88347 /* CustomTabBarContainerView.swift */ = {isa = PBXFileReference; lastKnownFileType = sourcecode.swift; path = CustomTabBarContainerView.swift; sourceTree = "<group>"; };
		7F7A6363275DC55B00E88347 /* TabBarItemsPreferenceKey.swift */ = {isa = PBXFileReference; lastKnownFileType = sourcecode.swift; path = TabBarItemsPreferenceKey.swift; sourceTree = "<group>"; };
		7F7C8E9E27651D1D0077F527 /* UIViewRepresentableBootcamp.swift */ = {isa = PBXFileReference; lastKnownFileType = sourcecode.swift; path = UIViewRepresentableBootcamp.swift; sourceTree = "<group>"; };
		7F7C8EA727652FD60077F527 /* UIViewControllerRepresentableBootcamp.swift */ = {isa = PBXFileReference; lastKnownFileType = sourcecode.swift; path = UIViewControllerRepresentableBootcamp.swift; sourceTree = "<group>"; };
		7F9CCF27275B2B9C007A3B26 /* SwiftUI_Evolve_3.app */ = {isa = PBXFileReference; explicitFileType = wrapper.application; includeInIndex = 0; path = SwiftUI_Evolve_3.app; sourceTree = BUILT_PRODUCTS_DIR; };
		7F9CCF2A275B2B9C007A3B26 /* SwiftUI_Evolve_3App.swift */ = {isa = PBXFileReference; lastKnownFileType = sourcecode.swift; path = SwiftUI_Evolve_3App.swift; sourceTree = "<group>"; };
		7F9CCF2E275B2B9E007A3B26 /* Assets.xcassets */ = {isa = PBXFileReference; lastKnownFileType = folder.assetcatalog; path = Assets.xcassets; sourceTree = "<group>"; };
		7F9CCF31275B2B9E007A3B26 /* Preview Assets.xcassets */ = {isa = PBXFileReference; lastKnownFileType = folder.assetcatalog; path = "Preview Assets.xcassets"; sourceTree = "<group>"; };
		7F9CCF33275B2B9E007A3B26 /* Info.plist */ = {isa = PBXFileReference; lastKnownFileType = text.plist.xml; path = Info.plist; sourceTree = "<group>"; };
		7F9CCF3A275B2BAF007A3B26 /* ViewModifierBootcamp.swift */ = {isa = PBXFileReference; fileEncoding = 4; lastKnownFileType = sourcecode.swift; path = ViewModifierBootcamp.swift; sourceTree = "<group>"; };
		7F9CCF3E275B458D007A3B26 /* ButtonStyleBootcamp.swift */ = {isa = PBXFileReference; lastKnownFileType = sourcecode.swift; path = ButtonStyleBootcamp.swift; sourceTree = "<group>"; };
		7F9CCF41275B5B5D007A3B26 /* AnyTransitionBootcamp.swift */ = {isa = PBXFileReference; lastKnownFileType = sourcecode.swift; path = AnyTransitionBootcamp.swift; sourceTree = "<group>"; };
		7F9CCF44275B8630007A3B26 /* MatchedGeometryEffect.swift */ = {isa = PBXFileReference; lastKnownFileType = sourcecode.swift; path = MatchedGeometryEffect.swift; sourceTree = "<group>"; };
		7F9CCF47275BB7D3007A3B26 /* CustomShapesBootcamp.swift */ = {isa = PBXFileReference; lastKnownFileType = sourcecode.swift; path = CustomShapesBootcamp.swift; sourceTree = "<group>"; };
		7F9CCF4A275BC658007A3B26 /* CustomCurvesBootcamp.swift */ = {isa = PBXFileReference; lastKnownFileType = sourcecode.swift; path = CustomCurvesBootcamp.swift; sourceTree = "<group>"; };
		7F9CCF4D275CA827007A3B26 /* AnimatableDataBootcamp.swift */ = {isa = PBXFileReference; lastKnownFileType = sourcecode.swift; path = AnimatableDataBootcamp.swift; sourceTree = "<group>"; };
		7F9CCF50275CB519007A3B26 /* GenericsBootcamp.swift */ = {isa = PBXFileReference; lastKnownFileType = sourcecode.swift; path = GenericsBootcamp.swift; sourceTree = "<group>"; };
		7F9CCF54275CDDC0007A3B26 /* ViewBuilderBootcamp.swift */ = {isa = PBXFileReference; lastKnownFileType = sourcecode.swift; path = ViewBuilderBootcamp.swift; sourceTree = "<group>"; };
		7F9CCF57275CEB3F007A3B26 /* PreferenceKeyBootcamp.swift */ = {isa = PBXFileReference; lastKnownFileType = sourcecode.swift; path = PreferenceKeyBootcamp.swift; sourceTree = "<group>"; };
/* End PBXFileReference section */

/* Begin PBXFrameworksBuildPhase section */
		7F1857952767043400193D39 /* Frameworks */ = {
			isa = PBXFrameworksBuildPhase;
			buildActionMask = 2147483647;
			files = (
			);
			runOnlyForDeploymentPostprocessing = 0;
		};
		7F9CCF24275B2B9C007A3B26 /* Frameworks */ = {
			isa = PBXFrameworksBuildPhase;
			buildActionMask = 2147483647;
			files = (
			);
			runOnlyForDeploymentPostprocessing = 0;
		};
/* End PBXFrameworksBuildPhase section */

/* Begin PBXGroup section */
		7F12180F275D231B004BC818 /* PreferenceKeyBootcamp */ = {
			isa = PBXGroup;
			children = (
				7F12181F275D397E004BC818 /* ScrollViewOffsetPreferenceKeyBootcamp.swift */,
				7F9CCF57275CEB3F007A3B26 /* PreferenceKeyBootcamp.swift */,
				7F121811275D2347004BC818 /* GeometryPreferenceKeyBootcamp.swift */,
			);
			path = PreferenceKeyBootcamp;
			sourceTree = "<group>";
		};
		7F121822275D3AA6004BC818 /* CustomTabView */ = {
			isa = PBXGroup;
			children = (
				7F121823275D3AC9004BC818 /* AppTabBarView.swift */,
				7F121828275D41C2004BC818 /* CustomTabBarView.swift */,
				7F7A635F275DBE2500E88347 /* CustomTabBarContainerView.swift */,
				7F7A6363275DC55B00E88347 /* TabBarItemsPreferenceKey.swift */,
			);
			path = CustomTabView;
			sourceTree = "<group>";
		};
		7F18578D2766FFF500193D39 /* UnitTestingBootcamp */ = {
			isa = PBXGroup;
			children = (
				7F18578E2767001600193D39 /* UnitTestingBootcampView.swift */,
				7F185791276702DC00193D39 /* UnitTestingBootcampViewModel.swift */,
				7F62FB022768DC6700069D0D /* NewMockDataService.swift */,
			);
			path = UnitTestingBootcamp;
			sourceTree = "<group>";
		};
		7F1857992767043400193D39 /* SwiftUI_Evolve_3_Tests */ = {
			isa = PBXGroup;
			children = (
				7F18579A2767043400193D39 /* SwiftUI_Evolve_3_Tests.swift */,
				7F1857A42767064100193D39 /* UnitTestingBootcampViewModel_Tests.swift */,
				7F62FB062768DDC200069D0D /* NewMockDataService_Tests.swift */,
				7F18579C2767043400193D39 /* Info.plist */,
			);
			path = SwiftUI_Evolve_3_Tests;
			sourceTree = "<group>";
		};
		7F7C8E9D27651CF10077F527 /* CustomNavView */ = {
			isa = PBXGroup;
			children = (
			);
			path = CustomNavView;
			sourceTree = "<group>";
		};
		7F9CCF1E275B2B9C007A3B26 = {
			isa = PBXGroup;
			children = (
				7F9CCF29275B2B9C007A3B26 /* SwiftUI_Evolve_3 */,
				7F1857992767043400193D39 /* SwiftUI_Evolve_3_Tests */,
				7F9CCF28275B2B9C007A3B26 /* Products */,
			);
			sourceTree = "<group>";
		};
		7F9CCF28275B2B9C007A3B26 /* Products */ = {
			isa = PBXGroup;
			children = (
				7F9CCF27275B2B9C007A3B26 /* SwiftUI_Evolve_3.app */,
				7F1857982767043400193D39 /* SwiftUI_Evolve_3_Tests.xctest */,
			);
			name = Products;
			sourceTree = "<group>";
		};
		7F9CCF29275B2B9C007A3B26 /* SwiftUI_Evolve_3 */ = {
			isa = PBXGroup;
			children = (
				7F9CCF2A275B2B9C007A3B26 /* SwiftUI_Evolve_3App.swift */,
				7F9CCF3A275B2BAF007A3B26 /* ViewModifierBootcamp.swift */,
				7F9CCF3E275B458D007A3B26 /* ButtonStyleBootcamp.swift */,
				7F9CCF41275B5B5D007A3B26 /* AnyTransitionBootcamp.swift */,
				7F9CCF44275B8630007A3B26 /* MatchedGeometryEffect.swift */,
				7F9CCF47275BB7D3007A3B26 /* CustomShapesBootcamp.swift */,
				7F9CCF4A275BC658007A3B26 /* CustomCurvesBootcamp.swift */,
				7F9CCF4D275CA827007A3B26 /* AnimatableDataBootcamp.swift */,
				7F9CCF50275CB519007A3B26 /* GenericsBootcamp.swift */,
				7F9CCF54275CDDC0007A3B26 /* ViewBuilderBootcamp.swift */,
				7F12180F275D231B004BC818 /* PreferenceKeyBootcamp */,
				7F121822275D3AA6004BC818 /* CustomTabView */,
				7F7C8E9D27651CF10077F527 /* CustomNavView */,
				7F7C8E9E27651D1D0077F527 /* UIViewRepresentableBootcamp.swift */,
				7F7C8EA727652FD60077F527 /* UIViewControllerRepresentableBootcamp.swift */,
				7F4BF41827653C2B001BE367 /* ProtocolsBootcamp.swift */,
				7F22D60C27668A72004C2932 /* DependencyInjectionBootcamp.swift */,
				7F18578D2766FFF500193D39 /* UnitTestingBootcamp */,
				7F5D240C279861BC008E63CE /* UITestingBootcamp.swift */,
				7F5D2410279861E2008E63CE /* AdvancedCombineBootcamp.swift */,
				7F9CCF2E275B2B9E007A3B26 /* Assets.xcassets */,
				7F9CCF33275B2B9E007A3B26 /* Info.plist */,
				7F9CCF30275B2B9E007A3B26 /* Preview Content */,
			);
			path = SwiftUI_Evolve_3;
			sourceTree = "<group>";
		};
		7F9CCF30275B2B9E007A3B26 /* Preview Content */ = {
			isa = PBXGroup;
			children = (
				7F9CCF31275B2B9E007A3B26 /* Preview Assets.xcassets */,
			);
			path = "Preview Content";
			sourceTree = "<group>";
		};
/* End PBXGroup section */

/* Begin PBXNativeTarget section */
		7F1857972767043400193D39 /* SwiftUI_Evolve_3_Tests */ = {
			isa = PBXNativeTarget;
			buildConfigurationList = 7F18579F2767043400193D39 /* Build configuration list for PBXNativeTarget "SwiftUI_Evolve_3_Tests" */;
			buildPhases = (
				7F1857942767043400193D39 /* Sources */,
				7F1857952767043400193D39 /* Frameworks */,
				7F1857962767043400193D39 /* Resources */,
			);
			buildRules = (
			);
			dependencies = (
				7F18579E2767043400193D39 /* PBXTargetDependency */,
			);
			name = SwiftUI_Evolve_3_Tests;
			productName = SwiftUI_Evolve_3_Tests;
			productReference = 7F1857982767043400193D39 /* SwiftUI_Evolve_3_Tests.xctest */;
			productType = "com.apple.product-type.bundle.unit-test";
		};
		7F9CCF26275B2B9C007A3B26 /* SwiftUI_Evolve_3 */ = {
			isa = PBXNativeTarget;
			buildConfigurationList = 7F9CCF36275B2B9E007A3B26 /* Build configuration list for PBXNativeTarget "SwiftUI_Evolve_3" */;
			buildPhases = (
				7F9CCF23275B2B9C007A3B26 /* Sources */,
				7F9CCF24275B2B9C007A3B26 /* Frameworks */,
				7F9CCF25275B2B9C007A3B26 /* Resources */,
			);
			buildRules = (
			);
			dependencies = (
			);
			name = SwiftUI_Evolve_3;
			productName = SwiftUI_Evolve_3;
			productReference = 7F9CCF27275B2B9C007A3B26 /* SwiftUI_Evolve_3.app */;
			productType = "com.apple.product-type.application";
		};
/* End PBXNativeTarget section */

/* Begin PBXProject section */
		7F9CCF1F275B2B9C007A3B26 /* Project object */ = {
			isa = PBXProject;
			attributes = {
				LastSwiftUpdateCheck = 1240;
				LastUpgradeCheck = 1240;
				TargetAttributes = {
					7F1857972767043400193D39 = {
						CreatedOnToolsVersion = 12.4;
						TestTargetID = 7F9CCF26275B2B9C007A3B26;
					};
					7F9CCF26275B2B9C007A3B26 = {
						CreatedOnToolsVersion = 12.4;
					};
				};
			};
			buildConfigurationList = 7F9CCF22275B2B9C007A3B26 /* Build configuration list for PBXProject "SwiftUI_Evolve_3" */;
			compatibilityVersion = "Xcode 9.3";
			developmentRegion = en;
			hasScannedForEncodings = 0;
			knownRegions = (
				en,
				Base,
			);
			mainGroup = 7F9CCF1E275B2B9C007A3B26;
			productRefGroup = 7F9CCF28275B2B9C007A3B26 /* Products */;
			projectDirPath = "";
			projectRoot = "";
			targets = (
				7F9CCF26275B2B9C007A3B26 /* SwiftUI_Evolve_3 */,
				7F1857972767043400193D39 /* SwiftUI_Evolve_3_Tests */,
			);
		};
/* End PBXProject section */

/* Begin PBXResourcesBuildPhase section */
		7F1857962767043400193D39 /* Resources */ = {
			isa = PBXResourcesBuildPhase;
			buildActionMask = 2147483647;
			files = (
			);
			runOnlyForDeploymentPostprocessing = 0;
		};
		7F9CCF25275B2B9C007A3B26 /* Resources */ = {
			isa = PBXResourcesBuildPhase;
			buildActionMask = 2147483647;
			files = (
				7F9CCF32275B2B9E007A3B26 /* Preview Assets.xcassets in Resources */,
				7F9CCF2F275B2B9E007A3B26 /* Assets.xcassets in Resources */,
			);
			runOnlyForDeploymentPostprocessing = 0;
		};
/* End PBXResourcesBuildPhase section */

/* Begin PBXSourcesBuildPhase section */
		7F1857942767043400193D39 /* Sources */ = {
			isa = PBXSourcesBuildPhase;
			buildActionMask = 2147483647;
			files = (
				7F1857A52767064100193D39 /* UnitTestingBootcampViewModel_Tests.swift in Sources */,
				7F18579B2767043400193D39 /* SwiftUI_Evolve_3_Tests.swift in Sources */,
				7F62FB072768DDC200069D0D /* NewMockDataService_Tests.swift in Sources */,
			);
			runOnlyForDeploymentPostprocessing = 0;
		};
		7F9CCF23275B2B9C007A3B26 /* Sources */ = {
			isa = PBXSourcesBuildPhase;
			buildActionMask = 2147483647;
			files = (
				7F185792276702DC00193D39 /* UnitTestingBootcampViewModel.swift in Sources */,
				7F22D60D27668A72004C2932 /* DependencyInjectionBootcamp.swift in Sources */,
				7F5D2411279861E2008E63CE /* AdvancedCombineBootcamp.swift in Sources */,
				7F7A6364275DC55B00E88347 /* TabBarItemsPreferenceKey.swift in Sources */,
				7F9CCF3F275B458D007A3B26 /* ButtonStyleBootcamp.swift in Sources */,
				7F9CCF3B275B2BAF007A3B26 /* ViewModifierBootcamp.swift in Sources */,
				7F9CCF42275B5B5D007A3B26 /* AnyTransitionBootcamp.swift in Sources */,
				7F4BF41927653C2B001BE367 /* ProtocolsBootcamp.swift in Sources */,
				7F9CCF2B275B2B9C007A3B26 /* SwiftUI_Evolve_3App.swift in Sources */,
				7F5D240D279861BC008E63CE /* UITestingBootcamp.swift in Sources */,
				7F121824275D3AC9004BC818 /* AppTabBarView.swift in Sources */,
				7F9CCF4E275CA827007A3B26 /* AnimatableDataBootcamp.swift in Sources */,
				7F62FB032768DC6700069D0D /* NewMockDataService.swift in Sources */,
				7F121829275D41C2004BC818 /* CustomTabBarView.swift in Sources */,
				7F18578F2767001600193D39 /* UnitTestingBootcampView.swift in Sources */,
				7F9CCF55275CDDC0007A3B26 /* ViewBuilderBootcamp.swift in Sources */,
				7F9CCF51275CB519007A3B26 /* GenericsBootcamp.swift in Sources */,
				7F121812275D2347004BC818 /* GeometryPreferenceKeyBootcamp.swift in Sources */,
				7F9CCF45275B8630007A3B26 /* MatchedGeometryEffect.swift in Sources */,
				7F9CCF48275BB7D3007A3B26 /* CustomShapesBootcamp.swift in Sources */,
				7F9CCF4B275BC658007A3B26 /* CustomCurvesBootcamp.swift in Sources */,
				7F121820275D397E004BC818 /* ScrollViewOffsetPreferenceKeyBootcamp.swift in Sources */,
				7F9CCF58275CEB3F007A3B26 /* PreferenceKeyBootcamp.swift in Sources */,
				7F7C8E9F27651D1D0077F527 /* UIViewRepresentableBootcamp.swift in Sources */,
				7F7C8EA827652FD60077F527 /* UIViewControllerRepresentableBootcamp.swift in Sources */,
				7F7A6360275DBE2500E88347 /* CustomTabBarContainerView.swift in Sources */,
			);
			runOnlyForDeploymentPostprocessing = 0;
		};
/* End PBXSourcesBuildPhase section */

/* Begin PBXTargetDependency section */
		7F18579E2767043400193D39 /* PBXTargetDependency */ = {
			isa = PBXTargetDependency;
			target = 7F9CCF26275B2B9C007A3B26 /* SwiftUI_Evolve_3 */;
			targetProxy = 7F18579D2767043400193D39 /* PBXContainerItemProxy */;
		};
/* End PBXTargetDependency section */

/* Begin XCBuildConfiguration section */
		7F1857A02767043400193D39 /* Debug */ = {
			isa = XCBuildConfiguration;
			buildSettings = {
				BUNDLE_LOADER = "$(TEST_HOST)";
				CODE_SIGN_STYLE = Automatic;
				INFOPLIST_FILE = SwiftUI_Evolve_3_Tests/Info.plist;
				LD_RUNPATH_SEARCH_PATHS = (
					"$(inherited)",
					"@executable_path/Frameworks",
					"@loader_path/Frameworks",
				);
				PRODUCT_BUNDLE_IDENTIFIER = "com.org.SwiftUI-Evolve-3-Tests";
				PRODUCT_NAME = "$(TARGET_NAME)";
				SWIFT_VERSION = 5.0;
				TARGETED_DEVICE_FAMILY = "1,2";
				TEST_HOST = "$(BUILT_PRODUCTS_DIR)/SwiftUI_Evolve_3.app/SwiftUI_Evolve_3";
			};
			name = Debug;
		};
		7F1857A12767043400193D39 /* Release */ = {
			isa = XCBuildConfiguration;
			buildSettings = {
				BUNDLE_LOADER = "$(TEST_HOST)";
				CODE_SIGN_STYLE = Automatic;
				INFOPLIST_FILE = SwiftUI_Evolve_3_Tests/Info.plist;
				LD_RUNPATH_SEARCH_PATHS = (
					"$(inherited)",
					"@executable_path/Frameworks",
					"@loader_path/Frameworks",
				);
				PRODUCT_BUNDLE_IDENTIFIER = "com.org.SwiftUI-Evolve-3-Tests";
				PRODUCT_NAME = "$(TARGET_NAME)";
				SWIFT_VERSION = 5.0;
				TARGETED_DEVICE_FAMILY = "1,2";
				TEST_HOST = "$(BUILT_PRODUCTS_DIR)/SwiftUI_Evolve_3.app/SwiftUI_Evolve_3";
			};
			name = Release;
		};
		7F9CCF34275B2B9E007A3B26 /* Debug */ = {
			isa = XCBuildConfiguration;
			buildSettings = {
				ALWAYS_SEARCH_USER_PATHS = NO;
				CLANG_ANALYZER_NONNULL = YES;
				CLANG_ANALYZER_NUMBER_OBJECT_CONVERSION = YES_AGGRESSIVE;
				CLANG_CXX_LANGUAGE_STANDARD = "gnu++14";
				CLANG_CXX_LIBRARY = "libc++";
				CLANG_ENABLE_MODULES = YES;
				CLANG_ENABLE_OBJC_ARC = YES;
				CLANG_ENABLE_OBJC_WEAK = YES;
				CLANG_WARN_BLOCK_CAPTURE_AUTORELEASING = YES;
				CLANG_WARN_BOOL_CONVERSION = YES;
				CLANG_WARN_COMMA = YES;
				CLANG_WARN_CONSTANT_CONVERSION = YES;
				CLANG_WARN_DEPRECATED_OBJC_IMPLEMENTATIONS = YES;
				CLANG_WARN_DIRECT_OBJC_ISA_USAGE = YES_ERROR;
				CLANG_WARN_DOCUMENTATION_COMMENTS = YES;
				CLANG_WARN_EMPTY_BODY = YES;
				CLANG_WARN_ENUM_CONVERSION = YES;
				CLANG_WARN_INFINITE_RECURSION = YES;
				CLANG_WARN_INT_CONVERSION = YES;
				CLANG_WARN_NON_LITERAL_NULL_CONVERSION = YES;
				CLANG_WARN_OBJC_IMPLICIT_RETAIN_SELF = YES;
				CLANG_WARN_OBJC_LITERAL_CONVERSION = YES;
				CLANG_WARN_OBJC_ROOT_CLASS = YES_ERROR;
				CLANG_WARN_QUOTED_INCLUDE_IN_FRAMEWORK_HEADER = YES;
				CLANG_WARN_RANGE_LOOP_ANALYSIS = YES;
				CLANG_WARN_STRICT_PROTOTYPES = YES;
				CLANG_WARN_SUSPICIOUS_MOVE = YES;
				CLANG_WARN_UNGUARDED_AVAILABILITY = YES_AGGRESSIVE;
				CLANG_WARN_UNREACHABLE_CODE = YES;
				CLANG_WARN__DUPLICATE_METHOD_MATCH = YES;
				COPY_PHASE_STRIP = NO;
				DEBUG_INFORMATION_FORMAT = dwarf;
				ENABLE_STRICT_OBJC_MSGSEND = YES;
				ENABLE_TESTABILITY = YES;
				GCC_C_LANGUAGE_STANDARD = gnu11;
				GCC_DYNAMIC_NO_PIC = NO;
				GCC_NO_COMMON_BLOCKS = YES;
				GCC_OPTIMIZATION_LEVEL = 0;
				GCC_PREPROCESSOR_DEFINITIONS = (
					"DEBUG=1",
					"$(inherited)",
				);
				GCC_WARN_64_TO_32_BIT_CONVERSION = YES;
				GCC_WARN_ABOUT_RETURN_TYPE = YES_ERROR;
				GCC_WARN_UNDECLARED_SELECTOR = YES;
				GCC_WARN_UNINITIALIZED_AUTOS = YES_AGGRESSIVE;
				GCC_WARN_UNUSED_FUNCTION = YES;
				GCC_WARN_UNUSED_VARIABLE = YES;
				IPHONEOS_DEPLOYMENT_TARGET = 14.4;
				MTL_ENABLE_DEBUG_INFO = INCLUDE_SOURCE;
				MTL_FAST_MATH = YES;
				ONLY_ACTIVE_ARCH = YES;
				SDKROOT = iphoneos;
				SWIFT_ACTIVE_COMPILATION_CONDITIONS = DEBUG;
				SWIFT_OPTIMIZATION_LEVEL = "-Onone";
			};
			name = Debug;
		};
		7F9CCF35275B2B9E007A3B26 /* Release */ = {
			isa = XCBuildConfiguration;
			buildSettings = {
				ALWAYS_SEARCH_USER_PATHS = NO;
				CLANG_ANALYZER_NONNULL = YES;
				CLANG_ANALYZER_NUMBER_OBJECT_CONVERSION = YES_AGGRESSIVE;
				CLANG_CXX_LANGUAGE_STANDARD = "gnu++14";
				CLANG_CXX_LIBRARY = "libc++";
				CLANG_ENABLE_MODULES = YES;
				CLANG_ENABLE_OBJC_ARC = YES;
				CLANG_ENABLE_OBJC_WEAK = YES;
				CLANG_WARN_BLOCK_CAPTURE_AUTORELEASING = YES;
				CLANG_WARN_BOOL_CONVERSION = YES;
				CLANG_WARN_COMMA = YES;
				CLANG_WARN_CONSTANT_CONVERSION = YES;
				CLANG_WARN_DEPRECATED_OBJC_IMPLEMENTATIONS = YES;
				CLANG_WARN_DIRECT_OBJC_ISA_USAGE = YES_ERROR;
				CLANG_WARN_DOCUMENTATION_COMMENTS = YES;
				CLANG_WARN_EMPTY_BODY = YES;
				CLANG_WARN_ENUM_CONVERSION = YES;
				CLANG_WARN_INFINITE_RECURSION = YES;
				CLANG_WARN_INT_CONVERSION = YES;
				CLANG_WARN_NON_LITERAL_NULL_CONVERSION = YES;
				CLANG_WARN_OBJC_IMPLICIT_RETAIN_SELF = YES;
				CLANG_WARN_OBJC_LITERAL_CONVERSION = YES;
				CLANG_WARN_OBJC_ROOT_CLASS = YES_ERROR;
				CLANG_WARN_QUOTED_INCLUDE_IN_FRAMEWORK_HEADER = YES;
				CLANG_WARN_RANGE_LOOP_ANALYSIS = YES;
				CLANG_WARN_STRICT_PROTOTYPES = YES;
				CLANG_WARN_SUSPICIOUS_MOVE = YES;
				CLANG_WARN_UNGUARDED_AVAILABILITY = YES_AGGRESSIVE;
				CLANG_WARN_UNREACHABLE_CODE = YES;
				CLANG_WARN__DUPLICATE_METHOD_MATCH = YES;
				COPY_PHASE_STRIP = NO;
				DEBUG_INFORMATION_FORMAT = "dwarf-with-dsym";
				ENABLE_NS_ASSERTIONS = NO;
				ENABLE_STRICT_OBJC_MSGSEND = YES;
				GCC_C_LANGUAGE_STANDARD = gnu11;
				GCC_NO_COMMON_BLOCKS = YES;
				GCC_WARN_64_TO_32_BIT_CONVERSION = YES;
				GCC_WARN_ABOUT_RETURN_TYPE = YES_ERROR;
				GCC_WARN_UNDECLARED_SELECTOR = YES;
				GCC_WARN_UNINITIALIZED_AUTOS = YES_AGGRESSIVE;
				GCC_WARN_UNUSED_FUNCTION = YES;
				GCC_WARN_UNUSED_VARIABLE = YES;
				IPHONEOS_DEPLOYMENT_TARGET = 14.4;
				MTL_ENABLE_DEBUG_INFO = NO;
				MTL_FAST_MATH = YES;
				SDKROOT = iphoneos;
				SWIFT_COMPILATION_MODE = wholemodule;
				SWIFT_OPTIMIZATION_LEVEL = "-O";
				VALIDATE_PRODUCT = YES;
			};
			name = Release;
		};
		7F9CCF37275B2B9E007A3B26 /* Debug */ = {
			isa = XCBuildConfiguration;
			buildSettings = {
				ASSETCATALOG_COMPILER_APPICON_NAME = AppIcon;
				ASSETCATALOG_COMPILER_GLOBAL_ACCENT_COLOR_NAME = AccentColor;
				CODE_SIGN_STYLE = Automatic;
				DEVELOPMENT_ASSET_PATHS = "\"SwiftUI_Evolve_3/Preview Content\"";
				ENABLE_PREVIEWS = YES;
				INFOPLIST_FILE = SwiftUI_Evolve_3/Info.plist;
				IPHONEOS_DEPLOYMENT_TARGET = 14.0;
				LD_RUNPATH_SEARCH_PATHS = (
					"$(inherited)",
					"@executable_path/Frameworks",
				);
				PRODUCT_BUNDLE_IDENTIFIER = "com.org.SwiftUI-Evolve-3";
				PRODUCT_NAME = "$(TARGET_NAME)";
				SWIFT_VERSION = 5.0;
				TARGETED_DEVICE_FAMILY = "1,2";
			};
			name = Debug;
		};
		7F9CCF38275B2B9E007A3B26 /* Release */ = {
			isa = XCBuildConfiguration;
			buildSettings = {
				ASSETCATALOG_COMPILER_APPICON_NAME = AppIcon;
				ASSETCATALOG_COMPILER_GLOBAL_ACCENT_COLOR_NAME = AccentColor;
				CODE_SIGN_STYLE = Automatic;
				DEVELOPMENT_ASSET_PATHS = "\"SwiftUI_Evolve_3/Preview Content\"";
				ENABLE_PREVIEWS = YES;
				INFOPLIST_FILE = SwiftUI_Evolve_3/Info.plist;
				IPHONEOS_DEPLOYMENT_TARGET = 14.0;
				LD_RUNPATH_SEARCH_PATHS = (
					"$(inherited)",
					"@executable_path/Frameworks",
				);
				PRODUCT_BUNDLE_IDENTIFIER = "com.org.SwiftUI-Evolve-3";
				PRODUCT_NAME = "$(TARGET_NAME)";
				SWIFT_VERSION = 5.0;
				TARGETED_DEVICE_FAMILY = "1,2";
			};
			name = Release;
		};
/* End XCBuildConfiguration section */

/* Begin XCConfigurationList section */
		7F18579F2767043400193D39 /* Build configuration list for PBXNativeTarget "SwiftUI_Evolve_3_Tests" */ = {
			isa = XCConfigurationList;
			buildConfigurations = (
				7F1857A02767043400193D39 /* Debug */,
				7F1857A12767043400193D39 /* Release */,
			);
			defaultConfigurationIsVisible = 0;
			defaultConfigurationName = Release;
		};
		7F9CCF22275B2B9C007A3B26 /* Build configuration list for PBXProject "SwiftUI_Evolve_3" */ = {
			isa = XCConfigurationList;
			buildConfigurations = (
				7F9CCF34275B2B9E007A3B26 /* Debug */,
				7F9CCF35275B2B9E007A3B26 /* Release */,
			);
			defaultConfigurationIsVisible = 0;
			defaultConfigurationName = Release;
		};
		7F9CCF36275B2B9E007A3B26 /* Build configuration list for PBXNativeTarget "SwiftUI_Evolve_3" */ = {
			isa = XCConfigurationList;
			buildConfigurations = (
				7F9CCF37275B2B9E007A3B26 /* Debug */,
				7F9CCF38275B2B9E007A3B26 /* Release */,
			);
			defaultConfigurationIsVisible = 0;
			defaultConfigurationName = Release;
		};
/* End XCConfigurationList section */
	};
	rootObject = 7F9CCF1F275B2B9C007A3B26 /* Project object */;
}
